
Microsoft Visual Studio Solution File, Format Version 12.00
# Visual Studio 14
VisualStudioVersion = 14.0.25420.1
MinimumVisualStudioVersion = 10.0.40219.1
Project("{FAE04EC0-301F-11D3-BF4B-00C04F79EFBC}") = "DojoBank", "DojoBank\DojoBank.csproj", "{EDC54AE8-76F3-4B60-A2E3-314B09DC291E}"
EndProject
Project("{FAE04EC0-301F-11D3-BF4B-00C04F79EFBC}") = "DojoBank.Test", "DojoBank.Test\DojoBank.Test.csproj", "{53941966-3215-4ED7-9ADC-B324800712E4}"
EndProject
Project("{FAE04EC0-301F-11D3-BF4B-00C04F79EFBC}") = "DojoBank.ApiRest", "DojoBank.ApiRest\DojoBank.ApiRest.csproj", "{8191F6F7-4BBD-41D4-A9BA-3978B5411DFE}"
EndProject
Global
	GlobalSection(SolutionConfigurationPlatforms) = preSolution
		Debug|Any CPU = Debug|Any CPU
		Release|Any CPU = Release|Any CPU
	EndGlobalSection
	GlobalSection(ProjectConfigurationPlatforms) = postSolution
		{EDC54AE8-76F3-4B60-A2E3-314B09DC291E}.Debug|Any CPU.ActiveCfg = Debug|Any CPU
		{EDC54AE8-76F3-4B60-A2E3-314B09DC291E}.Debug|Any CPU.Build.0 = Debug|Any CPU
		{EDC54AE8-76F3-4B60-A2E3-314B09DC291E}.Release|Any CPU.ActiveCfg = Release|Any CPU
		{EDC54AE8-76F3-4B60-A2E3-314B09DC291E}.Release|Any CPU.Build.0 = Release|Any CPU
		{53941966-3215-4ED7-9ADC-B324800712E4}.Debug|Any CPU.ActiveCfg = Debug|Any CPU
		{53941966-3215-4ED7-9ADC-B324800712E4}.Debug|Any CPU.Build.0 = Debug|Any CPU
		{53941966-3215-4ED7-9ADC-B324800712E4}.Release|Any CPU.ActiveCfg = Release|Any CPU
		{53941966-3215-4ED7-9ADC-B324800712E4}.Release|Any CPU.Build.0 = Release|Any CPU
		{8191F6F7-4BBD-41D4-A9BA-3978B5411DFE}.Debug|Any CPU.ActiveCfg = Debug|Any CPU
		{8191F6F7-4BBD-41D4-A9BA-3978B5411DFE}.Debug|Any CPU.Build.0 = Debug|Any CPU
		{8191F6F7-4BBD-41D4-A9BA-3978B5411DFE}.Release|Any CPU.ActiveCfg = Release|Any CPU
		{8191F6F7-4BBD-41D4-A9BA-3978B5411DFE}.Release|Any CPU.Build.0 = Release|Any CPU
	EndGlobalSection
	GlobalSection(SolutionProperties) = preSolution
		HideSolutionNode = FALSE
	EndGlobalSection
EndGlobal
